// !$*UTF8*$!
{
	archiveVersion = 1;
	classes = {
	};
	objectVersion = 55;
	objects = {

/* Begin PBXBuildFile section */
		1252A9572861A5A80068008B /* ImageLoader.swift in Sources */ = {isa = PBXBuildFile; fileRef = 1252A9562861A5A80068008B /* ImageLoader.swift */; };
		1252A9592861A6F70068008B /* WeatherDetailTVCViewModel.swift in Sources */ = {isa = PBXBuildFile; fileRef = 1252A9582861A6F70068008B /* WeatherDetailTVCViewModel.swift */; };
		1252A95E2861FFBB0068008B /* SearchLocationController.swift in Sources */ = {isa = PBXBuildFile; fileRef = 1252A95D2861FFBB0068008B /* SearchLocationController.swift */; };
		12B309982862E70C00383052 /* SearchLocationViewModel.swift in Sources */ = {isa = PBXBuildFile; fileRef = 12B309972862E70C00383052 /* SearchLocationViewModel.swift */; };
		12B3099C2862E82E00383052 /* SearchResultTableViewCell.swift in Sources */ = {isa = PBXBuildFile; fileRef = 12B3099A2862E82D00383052 /* SearchResultTableViewCell.swift */; };
		12B3099D2862E82E00383052 /* SearchResultTableViewCell.xib in Resources */ = {isa = PBXBuildFile; fileRef = 12B3099B2862E82D00383052 /* SearchResultTableViewCell.xib */; };
		12B3099F2862E93800383052 /* SearchResultTVCViewModel.swift in Sources */ = {isa = PBXBuildFile; fileRef = 12B3099E2862E93800383052 /* SearchResultTVCViewModel.swift */; };
		12B309A12862F3DE00383052 /* Helpers.swift in Sources */ = {isa = PBXBuildFile; fileRef = 12B309A02862F3DE00383052 /* Helpers.swift */; };
		12B309A32862F48A00383052 /* SearchResultHolder.swift in Sources */ = {isa = PBXBuildFile; fileRef = 12B309A22862F48900383052 /* SearchResultHolder.swift */; };
		12C0E69E28648FC2007001C7 /* CurrentWeatherTests.swift in Sources */ = {isa = PBXBuildFile; fileRef = 12C0E69D28648FC2007001C7 /* CurrentWeatherTests.swift */; };
		12C0E6A12864903A007001C7 /* Current.json in Resources */ = {isa = PBXBuildFile; fileRef = 12C0E6A02864903A007001C7 /* Current.json */; };
		12C0E6A328649063007001C7 /* Search.json in Resources */ = {isa = PBXBuildFile; fileRef = 12C0E6A228649063007001C7 /* Search.json */; };
		12C0E6A6286490AE007001C7 /* Extensions.swift in Sources */ = {isa = PBXBuildFile; fileRef = 12C0E6A5286490AE007001C7 /* Extensions.swift */; };
		12C0E6A828649686007001C7 /* LocationTests.swift in Sources */ = {isa = PBXBuildFile; fileRef = 12C0E6A728649686007001C7 /* LocationTests.swift */; };
		12C0E6AB286497FF007001C7 /* WeatherAPIServiceTests.swift in Sources */ = {isa = PBXBuildFile; fileRef = 12C0E6AA286497FF007001C7 /* WeatherAPIServiceTests.swift */; };
		12C0E6AF28649D71007001C7 /* Error.json in Resources */ = {isa = PBXBuildFile; fileRef = 12C0E6AE28649D71007001C7 /* Error.json */; };
		12C0E6B22864A8A1007001C7 /* Mocks.swift in Sources */ = {isa = PBXBuildFile; fileRef = 12C0E6B12864A8A1007001C7 /* Mocks.swift */; };
		12D07EE32860A0F300507474 /* CurrentWeather.swift in Sources */ = {isa = PBXBuildFile; fileRef = 12D07EE22860A0F300507474 /* CurrentWeather.swift */; };
		12D07EE62860A16600507474 /* WeatherAPIService.swift in Sources */ = {isa = PBXBuildFile; fileRef = 12D07EE52860A16600507474 /* WeatherAPIService.swift */; };
		12D07EE92860A2B200507474 /* WeatherViewModel.swift in Sources */ = {isa = PBXBuildFile; fileRef = 12D07EE82860A2B200507474 /* WeatherViewModel.swift */; };
		12D07EEC2860A42C00507474 /* Box.swift in Sources */ = {isa = PBXBuildFile; fileRef = 12D07EEB2860A42C00507474 /* Box.swift */; };
		12D07EF02860AB6700507474 /* WeatherDetailTableViewCell.swift in Sources */ = {isa = PBXBuildFile; fileRef = 12D07EEE2860AB6700507474 /* WeatherDetailTableViewCell.swift */; };
		12D07EF12860AB6700507474 /* WeatherDetailTableViewCell.xib in Resources */ = {isa = PBXBuildFile; fileRef = 12D07EEF2860AB6700507474 /* WeatherDetailTableViewCell.xib */; };
		12DCCCBB28602FA5002B651E /* AppDelegate.swift in Sources */ = {isa = PBXBuildFile; fileRef = 12DCCCBA28602FA5002B651E /* AppDelegate.swift */; };
		12DCCCBD28602FA5002B651E /* SceneDelegate.swift in Sources */ = {isa = PBXBuildFile; fileRef = 12DCCCBC28602FA5002B651E /* SceneDelegate.swift */; };
		12DCCCBF28602FA5002B651E /* WeatherViewController.swift in Sources */ = {isa = PBXBuildFile; fileRef = 12DCCCBE28602FA5002B651E /* WeatherViewController.swift */; };
		12DCCCC228602FA5002B651E /* Main.storyboard in Resources */ = {isa = PBXBuildFile; fileRef = 12DCCCC028602FA5002B651E /* Main.storyboard */; };
		12DCCCC428602FA6002B651E /* Assets.xcassets in Resources */ = {isa = PBXBuildFile; fileRef = 12DCCCC328602FA6002B651E /* Assets.xcassets */; };
		12DCCCC728602FA6002B651E /* LaunchScreen.storyboard in Resources */ = {isa = PBXBuildFile; fileRef = 12DCCCC528602FA6002B651E /* LaunchScreen.storyboard */; };
/* End PBXBuildFile section */

/* Begin PBXContainerItemProxy section */
		12DCCCCE28602FA6002B651E /* PBXContainerItemProxy */ = {
			isa = PBXContainerItemProxy;
			containerPortal = 12DCCCAF28602FA5002B651E /* Project object */;
			proxyType = 1;
			remoteGlobalIDString = 12DCCCB628602FA5002B651E;
			remoteInfo = WeatherApp;
		};
/* End PBXContainerItemProxy section */

/* Begin PBXFileReference section */
		1252A9562861A5A80068008B /* ImageLoader.swift */ = {isa = PBXFileReference; lastKnownFileType = sourcecode.swift; path = ImageLoader.swift; sourceTree = "<group>"; };
		1252A9582861A6F70068008B /* WeatherDetailTVCViewModel.swift */ = {isa = PBXFileReference; lastKnownFileType = sourcecode.swift; path = WeatherDetailTVCViewModel.swift; sourceTree = "<group>"; };
		1252A95D2861FFBB0068008B /* SearchLocationController.swift */ = {isa = PBXFileReference; lastKnownFileType = sourcecode.swift; path = SearchLocationController.swift; sourceTree = "<group>"; };
		12B309972862E70C00383052 /* SearchLocationViewModel.swift */ = {isa = PBXFileReference; lastKnownFileType = sourcecode.swift; path = SearchLocationViewModel.swift; sourceTree = "<group>"; };
		12B3099A2862E82D00383052 /* SearchResultTableViewCell.swift */ = {isa = PBXFileReference; lastKnownFileType = sourcecode.swift; path = SearchResultTableViewCell.swift; sourceTree = "<group>"; };
		12B3099B2862E82D00383052 /* SearchResultTableViewCell.xib */ = {isa = PBXFileReference; lastKnownFileType = file.xib; path = SearchResultTableViewCell.xib; sourceTree = "<group>"; };
		12B3099E2862E93800383052 /* SearchResultTVCViewModel.swift */ = {isa = PBXFileReference; lastKnownFileType = sourcecode.swift; path = SearchResultTVCViewModel.swift; sourceTree = "<group>"; };
		12B309A02862F3DE00383052 /* Helpers.swift */ = {isa = PBXFileReference; lastKnownFileType = sourcecode.swift; path = Helpers.swift; sourceTree = "<group>"; };
		12B309A22862F48900383052 /* SearchResultHolder.swift */ = {isa = PBXFileReference; lastKnownFileType = sourcecode.swift; path = SearchResultHolder.swift; sourceTree = "<group>"; };
		12C0E69D28648FC2007001C7 /* CurrentWeatherTests.swift */ = {isa = PBXFileReference; lastKnownFileType = sourcecode.swift; path = CurrentWeatherTests.swift; sourceTree = "<group>"; };
		12C0E6A02864903A007001C7 /* Current.json */ = {isa = PBXFileReference; fileEncoding = 4; lastKnownFileType = text.json; path = Current.json; sourceTree = "<group>"; };
		12C0E6A228649063007001C7 /* Search.json */ = {isa = PBXFileReference; fileEncoding = 4; lastKnownFileType = text.json; path = Search.json; sourceTree = "<group>"; };
		12C0E6A5286490AE007001C7 /* Extensions.swift */ = {isa = PBXFileReference; lastKnownFileType = sourcecode.swift; path = Extensions.swift; sourceTree = "<group>"; };
		12C0E6A728649686007001C7 /* LocationTests.swift */ = {isa = PBXFileReference; lastKnownFileType = sourcecode.swift; path = LocationTests.swift; sourceTree = "<group>"; };
		12C0E6AA286497FF007001C7 /* WeatherAPIServiceTests.swift */ = {isa = PBXFileReference; lastKnownFileType = sourcecode.swift; path = WeatherAPIServiceTests.swift; sourceTree = "<group>"; };
		12C0E6AE28649D71007001C7 /* Error.json */ = {isa = PBXFileReference; fileEncoding = 4; lastKnownFileType = text.json; path = Error.json; sourceTree = "<group>"; };
		12C0E6B12864A8A1007001C7 /* Mocks.swift */ = {isa = PBXFileReference; lastKnownFileType = sourcecode.swift; path = Mocks.swift; sourceTree = "<group>"; };
		12D07EE22860A0F300507474 /* CurrentWeather.swift */ = {isa = PBXFileReference; lastKnownFileType = sourcecode.swift; path = CurrentWeather.swift; sourceTree = "<group>"; };
		12D07EE52860A16600507474 /* WeatherAPIService.swift */ = {isa = PBXFileReference; lastKnownFileType = sourcecode.swift; path = WeatherAPIService.swift; sourceTree = "<group>"; };
		12D07EE82860A2B200507474 /* WeatherViewModel.swift */ = {isa = PBXFileReference; lastKnownFileType = sourcecode.swift; path = WeatherViewModel.swift; sourceTree = "<group>"; };
		12D07EEB2860A42C00507474 /* Box.swift */ = {isa = PBXFileReference; lastKnownFileType = sourcecode.swift; path = Box.swift; sourceTree = "<group>"; };
		12D07EEE2860AB6700507474 /* WeatherDetailTableViewCell.swift */ = {isa = PBXFileReference; lastKnownFileType = sourcecode.swift; path = WeatherDetailTableViewCell.swift; sourceTree = "<group>"; };
		12D07EEF2860AB6700507474 /* WeatherDetailTableViewCell.xib */ = {isa = PBXFileReference; lastKnownFileType = file.xib; path = WeatherDetailTableViewCell.xib; sourceTree = "<group>"; };
		12DCCCB728602FA5002B651E /* WeatherApp.app */ = {isa = PBXFileReference; explicitFileType = wrapper.application; includeInIndex = 0; path = WeatherApp.app; sourceTree = BUILT_PRODUCTS_DIR; };
		12DCCCBA28602FA5002B651E /* AppDelegate.swift */ = {isa = PBXFileReference; lastKnownFileType = sourcecode.swift; path = AppDelegate.swift; sourceTree = "<group>"; };
		12DCCCBC28602FA5002B651E /* SceneDelegate.swift */ = {isa = PBXFileReference; lastKnownFileType = sourcecode.swift; path = SceneDelegate.swift; sourceTree = "<group>"; };
		12DCCCBE28602FA5002B651E /* WeatherViewController.swift */ = {isa = PBXFileReference; lastKnownFileType = sourcecode.swift; path = WeatherViewController.swift; sourceTree = "<group>"; };
		12DCCCC128602FA5002B651E /* Base */ = {isa = PBXFileReference; lastKnownFileType = file.storyboard; name = Base; path = Base.lproj/Main.storyboard; sourceTree = "<group>"; };
		12DCCCC328602FA6002B651E /* Assets.xcassets */ = {isa = PBXFileReference; lastKnownFileType = folder.assetcatalog; path = Assets.xcassets; sourceTree = "<group>"; };
		12DCCCC628602FA6002B651E /* Base */ = {isa = PBXFileReference; lastKnownFileType = file.storyboard; name = Base; path = Base.lproj/LaunchScreen.storyboard; sourceTree = "<group>"; };
		12DCCCC828602FA6002B651E /* Info.plist */ = {isa = PBXFileReference; lastKnownFileType = text.plist.xml; path = Info.plist; sourceTree = "<group>"; };
		12DCCCCD28602FA6002B651E /* WeatherAppTests.xctest */ = {isa = PBXFileReference; explicitFileType = wrapper.cfbundle; includeInIndex = 0; path = WeatherAppTests.xctest; sourceTree = BUILT_PRODUCTS_DIR; };
/* End PBXFileReference section */

/* Begin PBXFrameworksBuildPhase section */
		12DCCCB428602FA5002B651E /* Frameworks */ = {
			isa = PBXFrameworksBuildPhase;
			buildActionMask = 2147483647;
			files = (
			);
			runOnlyForDeploymentPostprocessing = 0;
		};
		12DCCCCA28602FA6002B651E /* Frameworks */ = {
			isa = PBXFrameworksBuildPhase;
			buildActionMask = 2147483647;
			files = (
			);
			runOnlyForDeploymentPostprocessing = 0;
		};
/* End PBXFrameworksBuildPhase section */

/* Begin PBXGroup section */
		1252A95C2861FFA70068008B /* Views */ = {
			isa = PBXGroup;
			children = (
				12DCCCBE28602FA5002B651E /* WeatherViewController.swift */,
				1252A95D2861FFBB0068008B /* SearchLocationController.swift */,
				12D07EEE2860AB6700507474 /* WeatherDetailTableViewCell.swift */,
				12B3099A2862E82D00383052 /* SearchResultTableViewCell.swift */,
			);
			path = Views;
			sourceTree = "<group>";
		};
		12B309992862E7DE00383052 /* Storyboards */ = {
			isa = PBXGroup;
			children = (
				12DCCCC028602FA5002B651E /* Main.storyboard */,
				12D07EEF2860AB6700507474 /* WeatherDetailTableViewCell.xib */,
				12B3099B2862E82D00383052 /* SearchResultTableViewCell.xib */,
			);
			path = Storyboards;
			sourceTree = "<group>";
		};
		12C0E69C28648FA8007001C7 /* Models */ = {
			isa = PBXGroup;
			children = (
				12C0E69D28648FC2007001C7 /* CurrentWeatherTests.swift */,
				12C0E6A728649686007001C7 /* LocationTests.swift */,
			);
			path = Models;
			sourceTree = "<group>";
		};
		12C0E69F28649010007001C7 /* Data */ = {
			isa = PBXGroup;
			children = (
				12C0E6A02864903A007001C7 /* Current.json */,
				12C0E6A228649063007001C7 /* Search.json */,
				12C0E6AE28649D71007001C7 /* Error.json */,
			);
			path = Data;
			sourceTree = "<group>";
		};
		12C0E6A4286490A2007001C7 /* Helpers */ = {
			isa = PBXGroup;
			children = (
				12C0E6A5286490AE007001C7 /* Extensions.swift */,
				12C0E6B12864A8A1007001C7 /* Mocks.swift */,
			);
			path = Helpers;
			sourceTree = "<group>";
		};
		12C0E6A9286497F1007001C7 /* Services */ = {
			isa = PBXGroup;
			children = (
				12C0E6AA286497FF007001C7 /* WeatherAPIServiceTests.swift */,
			);
			path = Services;
			sourceTree = "<group>";
		};
		12D07EE12860A0D200507474 /* Models */ = {
			isa = PBXGroup;
			children = (
				12B309A22862F48900383052 /* SearchResultHolder.swift */,
				12D07EE22860A0F300507474 /* CurrentWeather.swift */,
			);
			path = Models;
			sourceTree = "<group>";
		};
		12D07EE42860A15400507474 /* Service */ = {
			isa = PBXGroup;
			children = (
				12D07EE52860A16600507474 /* WeatherAPIService.swift */,
			);
			path = Service;
			sourceTree = "<group>";
		};
		12D07EE72860A2A700507474 /* View Models */ = {
			isa = PBXGroup;
			children = (
				12D07EE82860A2B200507474 /* WeatherViewModel.swift */,
				1252A9582861A6F70068008B /* WeatherDetailTVCViewModel.swift */,
				12B309972862E70C00383052 /* SearchLocationViewModel.swift */,
				12B3099E2862E93800383052 /* SearchResultTVCViewModel.swift */,
			);
			path = "View Models";
			sourceTree = "<group>";
		};
		12D07EEA2860A2C900507474 /* Utilities */ = {
			isa = PBXGroup;
			children = (
				12D07EEB2860A42C00507474 /* Box.swift */,
				1252A9562861A5A80068008B /* ImageLoader.swift */,
				12B309A02862F3DE00383052 /* Helpers.swift */,
			);
			path = Utilities;
			sourceTree = "<group>";
		};
		12DCCCAE28602FA5002B651E = {
			isa = PBXGroup;
			children = (
				12DCCCB928602FA5002B651E /* WeatherApp */,
				12DCCCD028602FA6002B651E /* WeatherAppTests */,
				12DCCCB828602FA5002B651E /* Products */,
			);
			sourceTree = "<group>";
		};
		12DCCCB828602FA5002B651E /* Products */ = {
			isa = PBXGroup;
			children = (
				12DCCCB728602FA5002B651E /* WeatherApp.app */,
				12DCCCCD28602FA6002B651E /* WeatherAppTests.xctest */,
			);
			name = Products;
			sourceTree = "<group>";
		};
		12DCCCB928602FA5002B651E /* WeatherApp */ = {
			isa = PBXGroup;
			children = (
				12B309992862E7DE00383052 /* Storyboards */,
				1252A95C2861FFA70068008B /* Views */,
				12D07EE72860A2A700507474 /* View Models */,
				12D07EEA2860A2C900507474 /* Utilities */,
				12D07EE42860A15400507474 /* Service */,
				12D07EE12860A0D200507474 /* Models */,
				12DCCCBA28602FA5002B651E /* AppDelegate.swift */,
				12DCCCBC28602FA5002B651E /* SceneDelegate.swift */,
				12DCCCC328602FA6002B651E /* Assets.xcassets */,
				12DCCCC528602FA6002B651E /* LaunchScreen.storyboard */,
				12DCCCC828602FA6002B651E /* Info.plist */,
			);
			path = WeatherApp;
			sourceTree = "<group>";
		};
		12DCCCD028602FA6002B651E /* WeatherAppTests */ = {
			isa = PBXGroup;
			children = (
				12C0E6A9286497F1007001C7 /* Services */,
				12C0E6A4286490A2007001C7 /* Helpers */,
				12C0E69F28649010007001C7 /* Data */,
				12C0E69C28648FA8007001C7 /* Models */,
			);
			path = WeatherAppTests;
			sourceTree = "<group>";
		};
/* End PBXGroup section */

/* Begin PBXNativeTarget section */
		12DCCCB628602FA5002B651E /* WeatherApp */ = {
			isa = PBXNativeTarget;
			buildConfigurationList = 12DCCCE128602FA6002B651E /* Build configuration list for PBXNativeTarget "WeatherApp" */;
			buildPhases = (
				12DCCCB328602FA5002B651E /* Sources */,
				12DCCCB428602FA5002B651E /* Frameworks */,
				12DCCCB528602FA5002B651E /* Resources */,
			);
			buildRules = (
			);
			dependencies = (
			);
			name = WeatherApp;
			productName = WeatherApp;
			productReference = 12DCCCB728602FA5002B651E /* WeatherApp.app */;
			productType = "com.apple.product-type.application";
		};
		12DCCCCC28602FA6002B651E /* WeatherAppTests */ = {
			isa = PBXNativeTarget;
			buildConfigurationList = 12DCCCE428602FA6002B651E /* Build configuration list for PBXNativeTarget "WeatherAppTests" */;
			buildPhases = (
				12DCCCC928602FA6002B651E /* Sources */,
				12DCCCCA28602FA6002B651E /* Frameworks */,
				12DCCCCB28602FA6002B651E /* Resources */,
			);
			buildRules = (
			);
			dependencies = (
				12DCCCCF28602FA6002B651E /* PBXTargetDependency */,
			);
			name = WeatherAppTests;
			productName = WeatherAppTests;
			productReference = 12DCCCCD28602FA6002B651E /* WeatherAppTests.xctest */;
			productType = "com.apple.product-type.bundle.unit-test";
		};
/* End PBXNativeTarget section */

/* Begin PBXProject section */
		12DCCCAF28602FA5002B651E /* Project object */ = {
			isa = PBXProject;
			attributes = {
				BuildIndependentTargetsInParallel = 1;
				LastSwiftUpdateCheck = 1340;
				LastUpgradeCheck = 1340;
				TargetAttributes = {
					12DCCCB628602FA5002B651E = {
						CreatedOnToolsVersion = 13.4;
					};
					12DCCCCC28602FA6002B651E = {
						CreatedOnToolsVersion = 13.4;
						LastSwiftMigration = 1340;
						TestTargetID = 12DCCCB628602FA5002B651E;
					};
				};
			};
			buildConfigurationList = 12DCCCB228602FA5002B651E /* Build configuration list for PBXProject "WeatherApp" */;
			compatibilityVersion = "Xcode 13.0";
			developmentRegion = en;
			hasScannedForEncodings = 0;
			knownRegions = (
				en,
				Base,
			);
			mainGroup = 12DCCCAE28602FA5002B651E;
			productRefGroup = 12DCCCB828602FA5002B651E /* Products */;
			projectDirPath = "";
			projectRoot = "";
			targets = (
				12DCCCB628602FA5002B651E /* WeatherApp */,
				12DCCCCC28602FA6002B651E /* WeatherAppTests */,
			);
		};
/* End PBXProject section */

/* Begin PBXResourcesBuildPhase section */
		12DCCCB528602FA5002B651E /* Resources */ = {
			isa = PBXResourcesBuildPhase;
			buildActionMask = 2147483647;
			files = (
				12DCCCC728602FA6002B651E /* LaunchScreen.storyboard in Resources */,
				12B3099D2862E82E00383052 /* SearchResultTableViewCell.xib in Resources */,
				12D07EF12860AB6700507474 /* WeatherDetailTableViewCell.xib in Resources */,
				12DCCCC428602FA6002B651E /* Assets.xcassets in Resources */,
				12DCCCC228602FA5002B651E /* Main.storyboard in Resources */,
			);
			runOnlyForDeploymentPostprocessing = 0;
		};
		12DCCCCB28602FA6002B651E /* Resources */ = {
			isa = PBXResourcesBuildPhase;
			buildActionMask = 2147483647;
			files = (
				12C0E6AF28649D71007001C7 /* Error.json in Resources */,
				12C0E6A12864903A007001C7 /* Current.json in Resources */,
				12C0E6A328649063007001C7 /* Search.json in Resources */,
			);
			runOnlyForDeploymentPostprocessing = 0;
		};
/* End PBXResourcesBuildPhase section */

/* Begin PBXSourcesBuildPhase section */
		12DCCCB328602FA5002B651E /* Sources */ = {
			isa = PBXSourcesBuildPhase;
			buildActionMask = 2147483647;
			files = (
				12B3099C2862E82E00383052 /* SearchResultTableViewCell.swift in Sources */,
				12D07EE62860A16600507474 /* WeatherAPIService.swift in Sources */,
				12B309982862E70C00383052 /* SearchLocationViewModel.swift in Sources */,
				12B309A12862F3DE00383052 /* Helpers.swift in Sources */,
				12D07EEC2860A42C00507474 /* Box.swift in Sources */,
				1252A9592861A6F70068008B /* WeatherDetailTVCViewModel.swift in Sources */,
				12B309A32862F48A00383052 /* SearchResultHolder.swift in Sources */,
				12D07EF02860AB6700507474 /* WeatherDetailTableViewCell.swift in Sources */,
				12D07EE92860A2B200507474 /* WeatherViewModel.swift in Sources */,
				12DCCCBF28602FA5002B651E /* WeatherViewController.swift in Sources */,
				1252A9572861A5A80068008B /* ImageLoader.swift in Sources */,
				12B3099F2862E93800383052 /* SearchResultTVCViewModel.swift in Sources */,
				1252A95E2861FFBB0068008B /* SearchLocationController.swift in Sources */,
				12DCCCBB28602FA5002B651E /* AppDelegate.swift in Sources */,
				12D07EE32860A0F300507474 /* CurrentWeather.swift in Sources */,
				12DCCCBD28602FA5002B651E /* SceneDelegate.swift in Sources */,
			);
			runOnlyForDeploymentPostprocessing = 0;
		};
		12DCCCC928602FA6002B651E /* Sources */ = {
			isa = PBXSourcesBuildPhase;
			buildActionMask = 2147483647;
			files = (
				12C0E69E28648FC2007001C7 /* CurrentWeatherTests.swift in Sources */,
				12C0E6AB286497FF007001C7 /* WeatherAPIServiceTests.swift in Sources */,
				12C0E6A828649686007001C7 /* LocationTests.swift in Sources */,
				12C0E6A6286490AE007001C7 /* Extensions.swift in Sources */,
				12C0E6B22864A8A1007001C7 /* Mocks.swift in Sources */,
			);
			runOnlyForDeploymentPostprocessing = 0;
		};
/* End PBXSourcesBuildPhase section */

/* Begin PBXTargetDependency section */
		12DCCCCF28602FA6002B651E /* PBXTargetDependency */ = {
			isa = PBXTargetDependency;
			target = 12DCCCB628602FA5002B651E /* WeatherApp */;
			targetProxy = 12DCCCCE28602FA6002B651E /* PBXContainerItemProxy */;
		};
/* End PBXTargetDependency section */

/* Begin PBXVariantGroup section */
		12DCCCC028602FA5002B651E /* Main.storyboard */ = {
			isa = PBXVariantGroup;
			children = (
				12DCCCC128602FA5002B651E /* Base */,
			);
			name = Main.storyboard;
			sourceTree = "<group>";
		};
		12DCCCC528602FA6002B651E /* LaunchScreen.storyboard */ = {
			isa = PBXVariantGroup;
			children = (
				12DCCCC628602FA6002B651E /* Base */,
			);
			name = LaunchScreen.storyboard;
			sourceTree = "<group>";
		};
/* End PBXVariantGroup section */

/* Begin XCBuildConfiguration section */
		12DCCCDF28602FA6002B651E /* Debug */ = {
			isa = XCBuildConfiguration;
			buildSettings = {
				ALWAYS_SEARCH_USER_PATHS = NO;
				CLANG_ANALYZER_NONNULL = YES;
				CLANG_ANALYZER_NUMBER_OBJECT_CONVERSION = YES_AGGRESSIVE;
				CLANG_CXX_LANGUAGE_STANDARD = "gnu++17";
				CLANG_ENABLE_MODULES = YES;
				CLANG_ENABLE_OBJC_ARC = YES;
				CLANG_ENABLE_OBJC_WEAK = YES;
				CLANG_WARN_BLOCK_CAPTURE_AUTORELEASING = YES;
				CLANG_WARN_BOOL_CONVERSION = YES;
				CLANG_WARN_COMMA = YES;
				CLANG_WARN_CONSTANT_CONVERSION = YES;
				CLANG_WARN_DEPRECATED_OBJC_IMPLEMENTATIONS = YES;
				CLANG_WARN_DIRECT_OBJC_ISA_USAGE = YES_ERROR;
				CLANG_WARN_DOCUMENTATION_COMMENTS = YES;
				CLANG_WARN_EMPTY_BODY = YES;
				CLANG_WARN_ENUM_CONVERSION = YES;
				CLANG_WARN_INFINITE_RECURSION = YES;
				CLANG_WARN_INT_CONVERSION = YES;
				CLANG_WARN_NON_LITERAL_NULL_CONVERSION = YES;
				CLANG_WARN_OBJC_IMPLICIT_RETAIN_SELF = YES;
				CLANG_WARN_OBJC_LITERAL_CONVERSION = YES;
				CLANG_WARN_OBJC_ROOT_CLASS = YES_ERROR;
				CLANG_WARN_QUOTED_INCLUDE_IN_FRAMEWORK_HEADER = YES;
				CLANG_WARN_RANGE_LOOP_ANALYSIS = YES;
				CLANG_WARN_STRICT_PROTOTYPES = YES;
				CLANG_WARN_SUSPICIOUS_MOVE = YES;
				CLANG_WARN_UNGUARDED_AVAILABILITY = YES_AGGRESSIVE;
				CLANG_WARN_UNREACHABLE_CODE = YES;
				CLANG_WARN__DUPLICATE_METHOD_MATCH = YES;
				COPY_PHASE_STRIP = NO;
				DEBUG_INFORMATION_FORMAT = dwarf;
				ENABLE_STRICT_OBJC_MSGSEND = YES;
				ENABLE_TESTABILITY = YES;
				GCC_C_LANGUAGE_STANDARD = gnu11;
				GCC_DYNAMIC_NO_PIC = NO;
				GCC_NO_COMMON_BLOCKS = YES;
				GCC_OPTIMIZATION_LEVEL = 0;
				GCC_PREPROCESSOR_DEFINITIONS = (
					"DEBUG=1",
					"$(inherited)",
				);
				GCC_WARN_64_TO_32_BIT_CONVERSION = YES;
				GCC_WARN_ABOUT_RETURN_TYPE = YES_ERROR;
				GCC_WARN_UNDECLARED_SELECTOR = YES;
				GCC_WARN_UNINITIALIZED_AUTOS = YES_AGGRESSIVE;
				GCC_WARN_UNUSED_FUNCTION = YES;
				GCC_WARN_UNUSED_VARIABLE = YES;
				IPHONEOS_DEPLOYMENT_TARGET = 15.5;
				MTL_ENABLE_DEBUG_INFO = INCLUDE_SOURCE;
				MTL_FAST_MATH = YES;
				ONLY_ACTIVE_ARCH = YES;
				SDKROOT = iphoneos;
				SWIFT_ACTIVE_COMPILATION_CONDITIONS = DEBUG;
				SWIFT_OPTIMIZATION_LEVEL = "-Onone";
			};
			name = Debug;
		};
		12DCCCE028602FA6002B651E /* Release */ = {
			isa = XCBuildConfiguration;
			buildSettings = {
				ALWAYS_SEARCH_USER_PATHS = NO;
				CLANG_ANALYZER_NONNULL = YES;
				CLANG_ANALYZER_NUMBER_OBJECT_CONVERSION = YES_AGGRESSIVE;
				CLANG_CXX_LANGUAGE_STANDARD = "gnu++17";
				CLANG_ENABLE_MODULES = YES;
				CLANG_ENABLE_OBJC_ARC = YES;
				CLANG_ENABLE_OBJC_WEAK = YES;
				CLANG_WARN_BLOCK_CAPTURE_AUTORELEASING = YES;
				CLANG_WARN_BOOL_CONVERSION = YES;
				CLANG_WARN_COMMA = YES;
				CLANG_WARN_CONSTANT_CONVERSION = YES;
				CLANG_WARN_DEPRECATED_OBJC_IMPLEMENTATIONS = YES;
				CLANG_WARN_DIRECT_OBJC_ISA_USAGE = YES_ERROR;
				CLANG_WARN_DOCUMENTATION_COMMENTS = YES;
				CLANG_WARN_EMPTY_BODY = YES;
				CLANG_WARN_ENUM_CONVERSION = YES;
				CLANG_WARN_INFINITE_RECURSION = YES;
				CLANG_WARN_INT_CONVERSION = YES;
				CLANG_WARN_NON_LITERAL_NULL_CONVERSION = YES;
				CLANG_WARN_OBJC_IMPLICIT_RETAIN_SELF = YES;
				CLANG_WARN_OBJC_LITERAL_CONVERSION = YES;
				CLANG_WARN_OBJC_ROOT_CLASS = YES_ERROR;
				CLANG_WARN_QUOTED_INCLUDE_IN_FRAMEWORK_HEADER = YES;
				CLANG_WARN_RANGE_LOOP_ANALYSIS = YES;
				CLANG_WARN_STRICT_PROTOTYPES = YES;
				CLANG_WARN_SUSPICIOUS_MOVE = YES;
				CLANG_WARN_UNGUARDED_AVAILABILITY = YES_AGGRESSIVE;
				CLANG_WARN_UNREACHABLE_CODE = YES;
				CLANG_WARN__DUPLICATE_METHOD_MATCH = YES;
				COPY_PHASE_STRIP = NO;
				DEBUG_INFORMATION_FORMAT = "dwarf-with-dsym";
				ENABLE_NS_ASSERTIONS = NO;
				ENABLE_STRICT_OBJC_MSGSEND = YES;
				GCC_C_LANGUAGE_STANDARD = gnu11;
				GCC_NO_COMMON_BLOCKS = YES;
				GCC_WARN_64_TO_32_BIT_CONVERSION = YES;
				GCC_WARN_ABOUT_RETURN_TYPE = YES_ERROR;
				GCC_WARN_UNDECLARED_SELECTOR = YES;
				GCC_WARN_UNINITIALIZED_AUTOS = YES_AGGRESSIVE;
				GCC_WARN_UNUSED_FUNCTION = YES;
				GCC_WARN_UNUSED_VARIABLE = YES;
				IPHONEOS_DEPLOYMENT_TARGET = 15.5;
				MTL_ENABLE_DEBUG_INFO = NO;
				MTL_FAST_MATH = YES;
				SDKROOT = iphoneos;
				SWIFT_COMPILATION_MODE = wholemodule;
				SWIFT_OPTIMIZATION_LEVEL = "-O";
				VALIDATE_PRODUCT = YES;
			};
			name = Release;
		};
		12DCCCE228602FA6002B651E /* Debug */ = {
			isa = XCBuildConfiguration;
			buildSettings = {
				ASSETCATALOG_COMPILER_APPICON_NAME = AppIcon;
				ASSETCATALOG_COMPILER_GLOBAL_ACCENT_COLOR_NAME = AccentColor;
				CODE_SIGN_STYLE = Automatic;
				CURRENT_PROJECT_VERSION = 1;
				DEVELOPMENT_TEAM = 59A85D2TBM;
				GENERATE_INFOPLIST_FILE = YES;
				INFOPLIST_FILE = WeatherApp/Info.plist;
				INFOPLIST_KEY_NSLocationWhenInUseUsageDescription = "Precise location is used to give you the most accurate minute-by-minute weather and forecast for your current location";
				INFOPLIST_KEY_NSMainNibFile = Main;
				INFOPLIST_KEY_UIApplicationSupportsIndirectInputEvents = YES;
				INFOPLIST_KEY_UILaunchStoryboardName = LaunchScreen;
				INFOPLIST_KEY_UISupportedInterfaceOrientations_iPad = "UIInterfaceOrientationPortrait UIInterfaceOrientationPortraitUpsideDown UIInterfaceOrientationLandscapeLeft UIInterfaceOrientationLandscapeRight";
				INFOPLIST_KEY_UISupportedInterfaceOrientations_iPhone = "UIInterfaceOrientationPortrait UIInterfaceOrientationLandscapeLeft UIInterfaceOrientationLandscapeRight";
				LD_RUNPATH_SEARCH_PATHS = (
					"$(inherited)",
					"@executable_path/Frameworks",
				);
				MARKETING_VERSION = 1.0;
				PRODUCT_BUNDLE_IDENTIFIER = com.ykpoh.WeatherApp;
				PRODUCT_NAME = "$(TARGET_NAME)";
				SWIFT_EMIT_LOC_STRINGS = YES;
				SWIFT_VERSION = 5.0;
				TARGETED_DEVICE_FAMILY = 1;
			};
			name = Debug;
		};
		12DCCCE328602FA6002B651E /* Release */ = {
			isa = XCBuildConfiguration;
			buildSettings = {
				ASSETCATALOG_COMPILER_APPICON_NAME = AppIcon;
				ASSETCATALOG_COMPILER_GLOBAL_ACCENT_COLOR_NAME = AccentColor;
				CODE_SIGN_STYLE = Automatic;
				CURRENT_PROJECT_VERSION = 1;
				DEVELOPMENT_TEAM = 59A85D2TBM;
				GENERATE_INFOPLIST_FILE = YES;
				INFOPLIST_FILE = WeatherApp/Info.plist;
				INFOPLIST_KEY_NSLocationWhenInUseUsageDescription = "Precise location is used to give you the most accurate minute-by-minute weather and forecast for your current location";
				INFOPLIST_KEY_NSMainNibFile = Main;
				INFOPLIST_KEY_UIApplicationSupportsIndirectInputEvents = YES;
				INFOPLIST_KEY_UILaunchStoryboardName = LaunchScreen;
				INFOPLIST_KEY_UISupportedInterfaceOrientations_iPad = "UIInterfaceOrientationPortrait UIInterfaceOrientationPortraitUpsideDown UIInterfaceOrientationLandscapeLeft UIInterfaceOrientationLandscapeRight";
				INFOPLIST_KEY_UISupportedInterfaceOrientations_iPhone = "UIInterfaceOrientationPortrait UIInterfaceOrientationLandscapeLeft UIInterfaceOrientationLandscapeRight";
				LD_RUNPATH_SEARCH_PATHS = (
					"$(inherited)",
					"@executable_path/Frameworks",
				);
				MARKETING_VERSION = 1.0;
				PRODUCT_BUNDLE_IDENTIFIER = com.ykpoh.WeatherApp;
				PRODUCT_NAME = "$(TARGET_NAME)";
				SWIFT_EMIT_LOC_STRINGS = YES;
				SWIFT_VERSION = 5.0;
				TARGETED_DEVICE_FAMILY = 1;
			};
			name = Release;
		};
		12DCCCE528602FA6002B651E /* Debug */ = {
			isa = XCBuildConfiguration;
			buildSettings = {
				ALWAYS_EMBED_SWIFT_STANDARD_LIBRARIES = YES;
				BUNDLE_LOADER = "$(TEST_HOST)";
				CLANG_ENABLE_MODULES = YES;
				CODE_SIGN_STYLE = Automatic;
				CURRENT_PROJECT_VERSION = 1;
				DEVELOPMENT_TEAM = 59A85D2TBM;
				GENERATE_INFOPLIST_FILE = YES;
				IPHONEOS_DEPLOYMENT_TARGET = 15.5;
				LD_RUNPATH_SEARCH_PATHS = (
					"$(inherited)",
					"@executable_path/Frameworks",
					"@loader_path/Frameworks",
				);
				MARKETING_VERSION = 1.0;
				PRODUCT_BUNDLE_IDENTIFIER = com.ykpoh.WeatherAppTests;
				PRODUCT_NAME = "$(TARGET_NAME)";
				SWIFT_EMIT_LOC_STRINGS = NO;
				SWIFT_OPTIMIZATION_LEVEL = "-Onone";
				SWIFT_VERSION = 5.0;
				TARGETED_DEVICE_FAMILY = "1,2";
				TEST_HOST = "$(BUILT_PRODUCTS_DIR)/WeatherApp.app/WeatherApp";
			};
			name = Debug;
		};
		12DCCCE628602FA6002B651E /* Release */ = {
			isa = XCBuildConfiguration;
			buildSettings = {
				ALWAYS_EMBED_SWIFT_STANDARD_LIBRARIES = YES;
				BUNDLE_LOADER = "$(TEST_HOST)";
				CLANG_ENABLE_MODULES = YES;
				CODE_SIGN_STYLE = Automatic;
				CURRENT_PROJECT_VERSION = 1;
				DEVELOPMENT_TEAM = 59A85D2TBM;
				GENERATE_INFOPLIST_FILE = YES;
				IPHONEOS_DEPLOYMENT_TARGET = 15.5;
				LD_RUNPATH_SEARCH_PATHS = (
					"$(inherited)",
					"@executable_path/Frameworks",
					"@loader_path/Frameworks",
				);
				MARKETING_VERSION = 1.0;
				PRODUCT_BUNDLE_IDENTIFIER = com.ykpoh.WeatherAppTests;
				PRODUCT_NAME = "$(TARGET_NAME)";
				SWIFT_EMIT_LOC_STRINGS = NO;
				SWIFT_VERSION = 5.0;
				TARGETED_DEVICE_FAMILY = "1,2";
				TEST_HOST = "$(BUILT_PRODUCTS_DIR)/WeatherApp.app/WeatherApp";
			};
			name = Release;
		};
/* End XCBuildConfiguration section */

/* Begin XCConfigurationList section */
		12DCCCB228602FA5002B651E /* Build configuration list for PBXProject "WeatherApp" */ = {
			isa = XCConfigurationList;
			buildConfigurations = (
				12DCCCDF28602FA6002B651E /* Debug */,
				12DCCCE028602FA6002B651E /* Release */,
			);
			defaultConfigurationIsVisible = 0;
			defaultConfigurationName = Release;
		};
		12DCCCE128602FA6002B651E /* Build configuration list for PBXNativeTarget "WeatherApp" */ = {
			isa = XCConfigurationList;
			buildConfigurations = (
				12DCCCE228602FA6002B651E /* Debug */,
				12DCCCE328602FA6002B651E /* Release */,
			);
			defaultConfigurationIsVisible = 0;
			defaultConfigurationName = Release;
		};
		12DCCCE428602FA6002B651E /* Build configuration list for PBXNativeTarget "WeatherAppTests" */ = {
			isa = XCConfigurationList;
			buildConfigurations = (
				12DCCCE528602FA6002B651E /* Debug */,
				12DCCCE628602FA6002B651E /* Release */,
			);
			defaultConfigurationIsVisible = 0;
			defaultConfigurationName = Release;
		};
/* End XCConfigurationList section */
	};
	rootObject = 12DCCCAF28602FA5002B651E /* Project object */;
}
